// !$*UTF8*$!
{
	archiveVersion = 1;
	classes = {
	};
	objectVersion = 46;
	objects = {

/* Begin PBXBuildFile section */
		F97AB9691981C68200C38F5A /* Foundation.framework in Frameworks */ = {isa = PBXBuildFile; fileRef = F97AB9681981C68200C38F5A /* Foundation.framework */; };
		F97AB96B1981C68200C38F5A /* CoreGraphics.framework in Frameworks */ = {isa = PBXBuildFile; fileRef = F97AB96A1981C68200C38F5A /* CoreGraphics.framework */; };
		F97AB96D1981C68200C38F5A /* UIKit.framework in Frameworks */ = {isa = PBXBuildFile; fileRef = F97AB96C1981C68200C38F5A /* UIKit.framework */; };
		F97AB9731981C68200C38F5A /* InfoPlist.strings in Resources */ = {isa = PBXBuildFile; fileRef = F97AB9711981C68200C38F5A /* InfoPlist.strings */; };
		F97AB9751981C68200C38F5A /* main.m in Sources */ = {isa = PBXBuildFile; fileRef = F97AB9741981C68200C38F5A /* main.m */; };
		F97AB9791981C68200C38F5A /* FARAppDelegate.m in Sources */ = {isa = PBXBuildFile; fileRef = F97AB9781981C68200C38F5A /* FARAppDelegate.m */; };
		F97AB97B1981C68200C38F5A /* Images.xcassets in Resources */ = {isa = PBXBuildFile; fileRef = F97AB97A1981C68200C38F5A /* Images.xcassets */; };
		F97AB9821981C68200C38F5A /* XCTest.framework in Frameworks */ = {isa = PBXBuildFile; fileRef = F97AB9811981C68200C38F5A /* XCTest.framework */; };
		F97AB9831981C68200C38F5A /* Foundation.framework in Frameworks */ = {isa = PBXBuildFile; fileRef = F97AB9681981C68200C38F5A /* Foundation.framework */; };
		F97AB9841981C68200C38F5A /* UIKit.framework in Frameworks */ = {isa = PBXBuildFile; fileRef = F97AB96C1981C68200C38F5A /* UIKit.framework */; };
		F97AB98C1981C68200C38F5A /* InfoPlist.strings in Resources */ = {isa = PBXBuildFile; fileRef = F97AB98A1981C68200C38F5A /* InfoPlist.strings */; };
		F97AB98E1981C68200C38F5A /* FairShareTests.m in Sources */ = {isa = PBXBuildFile; fileRef = F97AB98D1981C68200C38F5A /* FairShareTests.m */; };
/* End PBXBuildFile section */

/* Begin PBXContainerItemProxy section */
		F97AB9851981C68200C38F5A /* PBXContainerItemProxy */ = {
			isa = PBXContainerItemProxy;
			containerPortal = F97AB95D1981C68200C38F5A /* Project object */;
			proxyType = 1;
			remoteGlobalIDString = F97AB9641981C68200C38F5A;
			remoteInfo = FairShare;
		};
/* End PBXContainerItemProxy section */

/* Begin PBXFileReference section */
		F97AB9651981C68200C38F5A /* FairShare.app */ = {isa = PBXFileReference; explicitFileType = wrapper.application; includeInIndex = 0; path = FairShare.app; sourceTree = BUILT_PRODUCTS_DIR; };
		F97AB9681981C68200C38F5A /* Foundation.framework */ = {isa = PBXFileReference; lastKnownFileType = wrapper.framework; name = Foundation.framework; path = System/Library/Frameworks/Foundation.framework; sourceTree = SDKROOT; };
		F97AB96A1981C68200C38F5A /* CoreGraphics.framework */ = {isa = PBXFileReference; lastKnownFileType = wrapper.framework; name = CoreGraphics.framework; path = System/Library/Frameworks/CoreGraphics.framework; sourceTree = SDKROOT; };
		F97AB96C1981C68200C38F5A /* UIKit.framework */ = {isa = PBXFileReference; lastKnownFileType = wrapper.framework; name = UIKit.framework; path = System/Library/Frameworks/UIKit.framework; sourceTree = SDKROOT; };
		F97AB9701981C68200C38F5A /* FairShare-Info.plist */ = {isa = PBXFileReference; lastKnownFileType = text.plist.xml; path = "FairShare-Info.plist"; sourceTree = "<group>"; };
		F97AB9721981C68200C38F5A /* en */ = {isa = PBXFileReference; lastKnownFileType = text.plist.strings; name = en; path = en.lproj/InfoPlist.strings; sourceTree = "<group>"; };
		F97AB9741981C68200C38F5A /* main.m */ = {isa = PBXFileReference; lastKnownFileType = sourcecode.c.objc; path = main.m; sourceTree = "<group>"; };
		F97AB9761981C68200C38F5A /* FairShare-Prefix.pch */ = {isa = PBXFileReference; lastKnownFileType = sourcecode.c.h; path = "FairShare-Prefix.pch"; sourceTree = "<group>"; };
		F97AB9771981C68200C38F5A /* FARAppDelegate.h */ = {isa = PBXFileReference; lastKnownFileType = sourcecode.c.h; path = FARAppDelegate.h; sourceTree = "<group>"; };
		F97AB9781981C68200C38F5A /* FARAppDelegate.m */ = {isa = PBXFileReference; lastKnownFileType = sourcecode.c.objc; path = FARAppDelegate.m; sourceTree = "<group>"; };
		F97AB97A1981C68200C38F5A /* Images.xcassets */ = {isa = PBXFileReference; lastKnownFileType = folder.assetcatalog; path = Images.xcassets; sourceTree = "<group>"; };
		F97AB9801981C68200C38F5A /* FairShareTests.xctest */ = {isa = PBXFileReference; explicitFileType = wrapper.cfbundle; includeInIndex = 0; path = FairShareTests.xctest; sourceTree = BUILT_PRODUCTS_DIR; };
		F97AB9811981C68200C38F5A /* XCTest.framework */ = {isa = PBXFileReference; lastKnownFileType = wrapper.framework; name = XCTest.framework; path = Library/Frameworks/XCTest.framework; sourceTree = DEVELOPER_DIR; };
		F97AB9891981C68200C38F5A /* FairShareTests-Info.plist */ = {isa = PBXFileReference; lastKnownFileType = text.plist.xml; path = "FairShareTests-Info.plist"; sourceTree = "<group>"; };
		F97AB98B1981C68200C38F5A /* en */ = {isa = PBXFileReference; lastKnownFileType = text.plist.strings; name = en; path = en.lproj/InfoPlist.strings; sourceTree = "<group>"; };
		F97AB98D1981C68200C38F5A /* FairShareTests.m */ = {isa = PBXFileReference; lastKnownFileType = sourcecode.c.objc; path = FairShareTests.m; sourceTree = "<group>"; };
/* End PBXFileReference section */

/* Begin PBXFrameworksBuildPhase section */
		F97AB9621981C68200C38F5A /* Frameworks */ = {
			isa = PBXFrameworksBuildPhase;
			buildActionMask = 2147483647;
			files = (
				F97AB96B1981C68200C38F5A /* CoreGraphics.framework in Frameworks */,
				F97AB96D1981C68200C38F5A /* UIKit.framework in Frameworks */,
				F97AB9691981C68200C38F5A /* Foundation.framework in Frameworks */,
			);
			runOnlyForDeploymentPostprocessing = 0;
		};
		F97AB97D1981C68200C38F5A /* Frameworks */ = {
			isa = PBXFrameworksBuildPhase;
			buildActionMask = 2147483647;
			files = (
				F97AB9821981C68200C38F5A /* XCTest.framework in Frameworks */,
				F97AB9841981C68200C38F5A /* UIKit.framework in Frameworks */,
				F97AB9831981C68200C38F5A /* Foundation.framework in Frameworks */,
			);
			runOnlyForDeploymentPostprocessing = 0;
		};
/* End PBXFrameworksBuildPhase section */

/* Begin PBXGroup section */
		F97AB95C1981C68200C38F5A = {
			isa = PBXGroup;
			children = (
				F97AB96E1981C68200C38F5A /* FairShare */,
				F97AB9871981C68200C38F5A /* FairShareTests */,
				F97AB9671981C68200C38F5A /* Frameworks */,
				F97AB9661981C68200C38F5A /* Products */,
			);
			sourceTree = "<group>";
		};
		F97AB9661981C68200C38F5A /* Products */ = {
			isa = PBXGroup;
			children = (
				F97AB9651981C68200C38F5A /* FairShare.app */,
				F97AB9801981C68200C38F5A /* FairShareTests.xctest */,
			);
			name = Products;
			sourceTree = "<group>";
		};
		F97AB9671981C68200C38F5A /* Frameworks */ = {
			isa = PBXGroup;
			children = (
				F97AB9681981C68200C38F5A /* Foundation.framework */,
				F97AB96A1981C68200C38F5A /* CoreGraphics.framework */,
				F97AB96C1981C68200C38F5A /* UIKit.framework */,
				F97AB9811981C68200C38F5A /* XCTest.framework */,
			);
			name = Frameworks;
			sourceTree = "<group>";
		};
		F97AB96E1981C68200C38F5A /* FairShare */ = {
			isa = PBXGroup;
			children = (
				F97AB9771981C68200C38F5A /* FARAppDelegate.h */,
				F97AB9781981C68200C38F5A /* FARAppDelegate.m */,
				F97AB97A1981C68200C38F5A /* Images.xcassets */,
				F97AB96F1981C68200C38F5A /* Supporting Files */,
			);
			path = FairShare;
			sourceTree = "<group>";
		};
		F97AB96F1981C68200C38F5A /* Supporting Files */ = {
			isa = PBXGroup;
			children = (
				F97AB9701981C68200C38F5A /* FairShare-Info.plist */,
				F97AB9711981C68200C38F5A /* InfoPlist.strings */,
				F97AB9741981C68200C38F5A /* main.m */,
				F97AB9761981C68200C38F5A /* FairShare-Prefix.pch */,
			);
			name = "Supporting Files";
			sourceTree = "<group>";
		};
		F97AB9871981C68200C38F5A /* FairShareTests */ = {
			isa = PBXGroup;
			children = (
				F97AB98D1981C68200C38F5A /* FairShareTests.m */,
				F97AB9881981C68200C38F5A /* Supporting Files */,
			);
			path = FairShareTests;
			sourceTree = "<group>";
		};
		F97AB9881981C68200C38F5A /* Supporting Files */ = {
			isa = PBXGroup;
			children = (
				F97AB9891981C68200C38F5A /* FairShareTests-Info.plist */,
				F97AB98A1981C68200C38F5A /* InfoPlist.strings */,
			);
			name = "Supporting Files";
			sourceTree = "<group>";
		};
/* End PBXGroup section */

/* Begin PBXNativeTarget section */
		F97AB9641981C68200C38F5A /* FairShare */ = {
			isa = PBXNativeTarget;
			buildConfigurationList = F97AB9911981C68200C38F5A /* Build configuration list for PBXNativeTarget "FairShare" */;
			buildPhases = (
				F97AB9611981C68200C38F5A /* Sources */,
				F97AB9621981C68200C38F5A /* Frameworks */,
				F97AB9631981C68200C38F5A /* Resources */,
			);
			buildRules = (
			);
			dependencies = (
			);
			name = FairShare;
			productName = FairShare;
			productReference = F97AB9651981C68200C38F5A /* FairShare.app */;
			productType = "com.apple.product-type.application";
		};
		F97AB97F1981C68200C38F5A /* FairShareTests */ = {
			isa = PBXNativeTarget;
			buildConfigurationList = F97AB9941981C68200C38F5A /* Build configuration list for PBXNativeTarget "FairShareTests" */;
			buildPhases = (
				F97AB97C1981C68200C38F5A /* Sources */,
				F97AB97D1981C68200C38F5A /* Frameworks */,
				F97AB97E1981C68200C38F5A /* Resources */,
			);
			buildRules = (
			);
			dependencies = (
				F97AB9861981C68200C38F5A /* PBXTargetDependency */,
			);
			name = FairShareTests;
			productName = FairShareTests;
			productReference = F97AB9801981C68200C38F5A /* FairShareTests.xctest */;
			productType = "com.apple.product-type.bundle.unit-test";
		};
/* End PBXNativeTarget section */

/* Begin PBXProject section */
		F97AB95D1981C68200C38F5A /* Project object */ = {
			isa = PBXProject;
			attributes = {
				CLASSPREFIX = FAR;
				LastUpgradeCheck = 0510;
				ORGANIZATIONNAME = FairShare;
				TargetAttributes = {
					F97AB97F1981C68200C38F5A = {
						TestTargetID = F97AB9641981C68200C38F5A;
					};
				};
			};
			buildConfigurationList = F97AB9601981C68200C38F5A /* Build configuration list for PBXProject "FairShare" */;
			compatibilityVersion = "Xcode 3.2";
			developmentRegion = English;
			hasScannedForEncodings = 0;
			knownRegions = (
				en,
			);
			mainGroup = F97AB95C1981C68200C38F5A;
			productRefGroup = F97AB9661981C68200C38F5A /* Products */;
			projectDirPath = "";
			projectRoot = "";
			targets = (
				F97AB9641981C68200C38F5A /* FairShare */,
				F97AB97F1981C68200C38F5A /* FairShareTests */,
			);
		};
/* End PBXProject section */

/* Begin PBXResourcesBuildPhase section */
		F97AB9631981C68200C38F5A /* Resources */ = {
			isa = PBXResourcesBuildPhase;
			buildActionMask = 2147483647;
			files = (
				F97AB9731981C68200C38F5A /* InfoPlist.strings in Resources */,
				F97AB97B1981C68200C38F5A /* Images.xcassets in Resources */,
			);
			runOnlyForDeploymentPostprocessing = 0;
		};
		F97AB97E1981C68200C38F5A /* Resources */ = {
			isa = PBXResourcesBuildPhase;
			buildActionMask = 2147483647;
			files = (
				F97AB98C1981C68200C38F5A /* InfoPlist.strings in Resources */,
			);
			runOnlyForDeploymentPostprocessing = 0;
		};
/* End PBXResourcesBuildPhase section */

/* Begin PBXSourcesBuildPhase section */
		F97AB9611981C68200C38F5A /* Sources */ = {
			isa = PBXSourcesBuildPhase;
			buildActionMask = 2147483647;
			files = (
				F97AB9791981C68200C38F5A /* FARAppDelegate.m in Sources */,
				F97AB9751981C68200C38F5A /* main.m in Sources */,
			);
			runOnlyForDeploymentPostprocessing = 0;
		};
		F97AB97C1981C68200C38F5A /* Sources */ = {
			isa = PBXSourcesBuildPhase;
			buildActionMask = 2147483647;
			files = (
				F97AB98E1981C68200C38F5A /* FairShareTests.m in Sources */,
			);
			runOnlyForDeploymentPostprocessing = 0;
		};
/* End PBXSourcesBuildPhase section */

/* Begin PBXTargetDependency section */
		F97AB9861981C68200C38F5A /* PBXTargetDependency */ = {
			isa = PBXTargetDependency;
			target = F97AB9641981C68200C38F5A /* FairShare */;
			targetProxy = F97AB9851981C68200C38F5A /* PBXContainerItemProxy */;
		};
/* End PBXTargetDependency section */

/* Begin PBXVariantGroup section */
		F97AB9711981C68200C38F5A /* InfoPlist.strings */ = {
			isa = PBXVariantGroup;
			children = (
				F97AB9721981C68200C38F5A /* en */,
			);
			name = InfoPlist.strings;
			sourceTree = "<group>";
		};
		F97AB98A1981C68200C38F5A /* InfoPlist.strings */ = {
			isa = PBXVariantGroup;
			children = (
				F97AB98B1981C68200C38F5A /* en */,
			);
			name = InfoPlist.strings;
			sourceTree = "<group>";
		};
/* End PBXVariantGroup section */

/* Begin XCBuildConfiguration section */
		F97AB98F1981C68200C38F5A /* Debug */ = {
			isa = XCBuildConfiguration;
			buildSettings = {
				ALWAYS_SEARCH_USER_PATHS = NO;
				CLANG_CXX_LANGUAGE_STANDARD = "gnu++0x";
				CLANG_CXX_LIBRARY = "libc++";
				CLANG_ENABLE_MODULES = YES;
				CLANG_ENABLE_OBJC_ARC = YES;
				CLANG_WARN_BOOL_CONVERSION = YES;
				CLANG_WARN_CONSTANT_CONVERSION = YES;
				CLANG_WARN_DIRECT_OBJC_ISA_USAGE = YES_ERROR;
				CLANG_WARN_EMPTY_BODY = YES;
				CLANG_WARN_ENUM_CONVERSION = YES;
				CLANG_WARN_INT_CONVERSION = YES;
				CLANG_WARN_OBJC_ROOT_CLASS = YES_ERROR;
				CLANG_WARN__DUPLICATE_METHOD_MATCH = YES;
				"CODE_SIGN_IDENTITY[sdk=iphoneos*]" = "iPhone Developer";
				COPY_PHASE_STRIP = NO;
				GCC_C_LANGUAGE_STANDARD = gnu99;
				GCC_DYNAMIC_NO_PIC = NO;
				GCC_OPTIMIZATION_LEVEL = 0;
				GCC_PREPROCESSOR_DEFINITIONS = (
					"DEBUG=1",
					"$(inherited)",
				);
				GCC_SYMBOLS_PRIVATE_EXTERN = NO;
				GCC_WARN_64_TO_32_BIT_CONVERSION = YES;
				GCC_WARN_ABOUT_RETURN_TYPE = YES_ERROR;
				GCC_WARN_UNDECLARED_SELECTOR = YES;
				GCC_WARN_UNINITIALIZED_AUTOS = YES_AGGRESSIVE;
				GCC_WARN_UNUSED_FUNCTION = YES;
				GCC_WARN_UNUSED_VARIABLE = YES;
				IPHONEOS_DEPLOYMENT_TARGET = 7.1;
				ONLY_ACTIVE_ARCH = YES;
				SDKROOT = iphoneos;
			};
			name = Debug;
		};
		F97AB9901981C68200C38F5A /* Release */ = {
			isa = XCBuildConfiguration;
			buildSettings = {
				ALWAYS_SEARCH_USER_PATHS = NO;
				CLANG_CXX_LANGUAGE_STANDARD = "gnu++0x";
				CLANG_CXX_LIBRARY = "libc++";
				CLANG_ENABLE_MODULES = YES;
				CLANG_ENABLE_OBJC_ARC = YES;
				CLANG_WARN_BOOL_CONVERSION = YES;
				CLANG_WARN_CONSTANT_CONVERSION = YES;
				CLANG_WARN_DIRECT_OBJC_ISA_USAGE = YES_ERROR;
				CLANG_WARN_EMPTY_BODY = YES;
				CLANG_WARN_ENUM_CONVERSION = YES;
				CLANG_WARN_INT_CONVERSION = YES;
				CLANG_WARN_OBJC_ROOT_CLASS = YES_ERROR;
				CLANG_WARN__DUPLICATE_METHOD_MATCH = YES;
				"CODE_SIGN_IDENTITY[sdk=iphoneos*]" = "iPhone Developer";
				COPY_PHASE_STRIP = YES;
				ENABLE_NS_ASSERTIONS = NO;
				GCC_C_LANGUAGE_STANDARD = gnu99;
				GCC_WARN_64_TO_32_BIT_CONVERSION = YES;
				GCC_WARN_ABOUT_RETURN_TYPE = YES_ERROR;
				GCC_WARN_UNDECLARED_SELECTOR = YES;
				GCC_WARN_UNINITIALIZED_AUTOS = YES_AGGRESSIVE;
				GCC_WARN_UNUSED_FUNCTION = YES;
				GCC_WARN_UNUSED_VARIABLE = YES;
				IPHONEOS_DEPLOYMENT_TARGET = 7.1;
				SDKROOT = iphoneos;
				VALIDATE_PRODUCT = YES;
			};
			name = Release;
		};
		F97AB9921981C68200C38F5A /* Debug */ = {
			isa = XCBuildConfiguration;
			buildSettings = {
				ASSETCATALOG_COMPILER_APPICON_NAME = AppIcon;
				ASSETCATALOG_COMPILER_LAUNCHIMAGE_NAME = LaunchImage;
				GCC_PRECOMPILE_PREFIX_HEADER = YES;
				GCC_PREFIX_HEADER = "FairShare/FairShare-Prefix.pch";
				INFOPLIST_FILE = "FairShare/FairShare-Info.plist";
				PRODUCT_NAME = "$(TARGET_NAME)";
				WRAPPER_EXTENSION = app;
			};
			name = Debug;
		};
		F97AB9931981C68200C38F5A /* Release */ = {
			isa = XCBuildConfiguration;
			buildSettings = {
				ASSETCATALOG_COMPILER_APPICON_NAME = AppIcon;
				ASSETCATALOG_COMPILER_LAUNCHIMAGE_NAME = LaunchImage;
				GCC_PRECOMPILE_PREFIX_HEADER = YES;
				GCC_PREFIX_HEADER = "FairShare/FairShare-Prefix.pch";
				INFOPLIST_FILE = "FairShare/FairShare-Info.plist";
				PRODUCT_NAME = "$(TARGET_NAME)";
				WRAPPER_EXTENSION = app;
			};
			name = Release;
		};
		F97AB9951981C68200C38F5A /* Debug */ = {
			isa = XCBuildConfiguration;
			buildSettings = {
				BUNDLE_LOADER = "$(BUILT_PRODUCTS_DIR)/FairShare.app/FairShare";
				FRAMEWORK_SEARCH_PATHS = (
					"$(SDKROOT)/Developer/Library/Frameworks",
					"$(inherited)",
					"$(DEVELOPER_FRAMEWORKS_DIR)",
				);
				GCC_PRECOMPILE_PREFIX_HEADER = YES;
				GCC_PREFIX_HEADER = "FairShare/FairShare-Prefix.pch";
				GCC_PREPROCESSOR_DEFINITIONS = (
					"DEBUG=1",
					"$(inherited)",
				);
				INFOPLIST_FILE = "FairShareTests/FairShareTests-Info.plist";
				PRODUCT_NAME = "$(TARGET_NAME)";
				TEST_HOST = "$(BUNDLE_LOADER)";
				WRAPPER_EXTENSION = xctest;
			};
			name = Debug;
		};
		F97AB9961981C68200C38F5A /* Release */ = {
			isa = XCBuildConfiguration;
			buildSettings = {
				BUNDLE_LOADER = "$(BUILT_PRODUCTS_DIR)/FairShare.app/FairShare";
				FRAMEWORK_SEARCH_PATHS = (
					"$(SDKROOT)/Developer/Library/Frameworks",
					"$(inherited)",
					"$(DEVELOPER_FRAMEWORKS_DIR)",
				);
				GCC_PRECOMPILE_PREFIX_HEADER = YES;
				GCC_PREFIX_HEADER = "FairShare/FairShare-Prefix.pch";
				INFOPLIST_FILE = "FairShareTests/FairShareTests-Info.plist";
				PRODUCT_NAME = "$(TARGET_NAME)";
				TEST_HOST = "$(BUNDLE_LOADER)";
				WRAPPER_EXTENSION = xctest;
			};
			name = Release;
		};
/* End XCBuildConfiguration section */

/* Begin XCConfigurationList section */
		F97AB9601981C68200C38F5A /* Build configuration list for PBXProject "FairShare" */ = {
			isa = XCConfigurationList;
			buildConfigurations = (
				F97AB98F1981C68200C38F5A /* Debug */,
				F97AB9901981C68200C38F5A /* Release */,
			);
			defaultConfigurationIsVisible = 0;
			defaultConfigurationName = Release;
		};
		F97AB9911981C68200C38F5A /* Build configuration list for PBXNativeTarget "FairShare" */ = {
			isa = XCConfigurationList;
			buildConfigurations = (
				F97AB9921981C68200C38F5A /* Debug */,
				F97AB9931981C68200C38F5A /* Release */,
			);
			defaultConfigurationIsVisible = 0;
		};
		F97AB9941981C68200C38F5A /* Build configuration list for PBXNativeTarget "FairShareTests" */ = {
			isa = XCConfigurationList;
			buildConfigurations = (
				F97AB9951981C68200C38F5A /* Debug */,
				F97AB9961981C68200C38F5A /* Release */,
			);
			defaultConfigurationIsVisible = 0;
		};
/* End XCConfigurationList section */
	};
	rootObject = F97AB95D1981C68200C38F5A /* Project object */;
}
